
Microsoft Visual Studio Solution File, Format Version 12.00
# Visual Studio Version 17
VisualStudioVersion = 17.14.36429.23 d17.14
MinimumVisualStudioVersion = 10.0.40219.1
Project("{FAE04EC0-301F-11D3-BF4B-00C04F79EFBC}") = "vsbot", "vsbot\vsbot.csproj", "{B1DF8904-5FD1-409F-8ED9-2BE6319F77E4}"
EndProject
Global
	GlobalSection(SolutionConfigurationPlatforms) = preSolution
		Debug|Any CPU = Debug|Any CPU
		Release|Any CPU = Release|Any CPU
	EndGlobalSection
	GlobalSection(ProjectConfigurationPlatforms) = postSolution
		{B1DF8904-5FD1-409F-8ED9-2BE6319F77E4}.Debug|Any CPU.ActiveCfg = Debug|Any CPU
		{B1DF8904-5FD1-409F-8ED9-2BE6319F77E4}.Debug|Any CPU.Build.0 = Debug|Any CPU
		{B1DF8904-5FD1-409F-8ED9-2BE6319F77E4}.Release|Any CPU.ActiveCfg = Release|Any CPU
		{B1DF8904-5FD1-409F-8ED9-2BE6319F77E4}.Release|Any CPU.Build.0 = Release|Any CPU
	EndGlobalSection
	GlobalSection(SolutionProperties) = preSolution
		HideSolutionNode = FALSE
	EndGlobalSection
	GlobalSection(ExtensibilityGlobals) = postSolution
		SolutionGuid = {41BFCF80-5D6A-4E40-9698-7B1B7C2085FE}
	EndGlobalSection
EndGlobal
